// !$*UTF8*$!
{
	archiveVersion = 1;
	classes = {
	};
	objectVersion = 77;
	objects = {

/* Begin PBXBuildFile section */
		07A077022D8C69D400A8FA05 /* WatchRefTrack Watch App.app in Embed Watch Content */ = {isa = PBXBuildFile; fileRef = 07A076DF2D8C69D300A8FA05 /* WatchRefTrack Watch App.app */; settings = {ATTRIBUTES = (RemoveHeadersOnCopy, ); }; };
/* End PBXBuildFile section */

/* Begin PBXContainerItemProxy section */
		07A0766C2D8C613900A8FA05 /* PBXContainerItemProxy */ = {
			isa = PBXContainerItemProxy;
			containerPortal = 07A076532D8C613900A8FA05 /* Project object */;
			proxyType = 1;
			remoteGlobalIDString = 07A0765A2D8C613900A8FA05;
			remoteInfo = RefTrack;
		};
		07A076762D8C613900A8FA05 /* PBXContainerItemProxy */ = {
			isa = PBXContainerItemProxy;
			containerPortal = 07A076532D8C613900A8FA05 /* Project object */;
			proxyType = 1;
			remoteGlobalIDString = 07A0765A2D8C613900A8FA05;
			remoteInfo = RefTrack;
		};
		07A076EF2D8C69D400A8FA05 /* PBXContainerItemProxy */ = {
			isa = PBXContainerItemProxy;
			containerPortal = 07A076532D8C613900A8FA05 /* Project object */;
			proxyType = 1;
			remoteGlobalIDString = 07A076DE2D8C69D300A8FA05;
			remoteInfo = "WatchRefTrack Watch App";
		};
		07A076F92D8C69D400A8FA05 /* PBXContainerItemProxy */ = {
			isa = PBXContainerItemProxy;
			containerPortal = 07A076532D8C613900A8FA05 /* Project object */;
			proxyType = 1;
			remoteGlobalIDString = 07A076DE2D8C69D300A8FA05;
			remoteInfo = "WatchRefTrack Watch App";
		};
		07A077002D8C69D400A8FA05 /* PBXContainerItemProxy */ = {
			isa = PBXContainerItemProxy;
			containerPortal = 07A076532D8C613900A8FA05 /* Project object */;
			proxyType = 1;
			remoteGlobalIDString = 07A076DE2D8C69D300A8FA05;
			remoteInfo = "WatchRefTrack Watch App";
		};
/* End PBXContainerItemProxy section */

/* Begin PBXCopyFilesBuildPhase section */
		07A077062D8C69D400A8FA05 /* Embed Watch Content */ = {
			isa = PBXCopyFilesBuildPhase;
			buildActionMask = 2147483647;
			dstPath = "$(CONTENTS_FOLDER_PATH)/Watch";
			dstSubfolderSpec = 16;
			files = (
				07A077022D8C69D400A8FA05 /* WatchRefTrack Watch App.app in Embed Watch Content */,
			);
			name = "Embed Watch Content";
			runOnlyForDeploymentPostprocessing = 0;
		};
/* End PBXCopyFilesBuildPhase section */

/* Begin PBXFileReference section */
		07A0765B2D8C613900A8FA05 /* RefTrack.app */ = {isa = PBXFileReference; explicitFileType = wrapper.application; includeInIndex = 0; path = RefTrack.app; sourceTree = BUILT_PRODUCTS_DIR; };
		07A0766B2D8C613900A8FA05 /* RefTrackTests.xctest */ = {isa = PBXFileReference; explicitFileType = wrapper.cfbundle; includeInIndex = 0; path = RefTrackTests.xctest; sourceTree = BUILT_PRODUCTS_DIR; };
		07A076752D8C613900A8FA05 /* RefTrackUITests.xctest */ = {isa = PBXFileReference; explicitFileType = wrapper.cfbundle; includeInIndex = 0; path = RefTrackUITests.xctest; sourceTree = BUILT_PRODUCTS_DIR; };
		07A076DF2D8C69D300A8FA05 /* WatchRefTrack Watch App.app */ = {isa = PBXFileReference; explicitFileType = wrapper.application; includeInIndex = 0; path = "WatchRefTrack Watch App.app"; sourceTree = BUILT_PRODUCTS_DIR; };
		07A076EE2D8C69D400A8FA05 /* WatchRefTrack Watch AppTests.xctest */ = {isa = PBXFileReference; explicitFileType = wrapper.cfbundle; includeInIndex = 0; path = "WatchRefTrack Watch AppTests.xctest"; sourceTree = BUILT_PRODUCTS_DIR; };
		07A076F82D8C69D400A8FA05 /* WatchRefTrack Watch AppUITests.xctest */ = {isa = PBXFileReference; explicitFileType = wrapper.cfbundle; includeInIndex = 0; path = "WatchRefTrack Watch AppUITests.xctest"; sourceTree = BUILT_PRODUCTS_DIR; };
/* End PBXFileReference section */

/* Begin PBXFileSystemSynchronizedBuildFileExceptionSet section */
		07A077532D8C88A800A8FA05 /* Exceptions for "RefTrack" folder in "RefTrack" target */ = {
			isa = PBXFileSystemSynchronizedBuildFileExceptionSet;
			membershipExceptions = (
				Info.plist,
			);
			target = 07A0765A2D8C613900A8FA05 /* RefTrack */;
		};
/* End PBXFileSystemSynchronizedBuildFileExceptionSet section */

/* Begin PBXFileSystemSynchronizedRootGroup section */
		07A0765D2D8C613900A8FA05 /* RefTrack */ = {
			isa = PBXFileSystemSynchronizedRootGroup;
			exceptions = (
				07A077532D8C88A800A8FA05 /* Exceptions for "RefTrack" folder in "RefTrack" target */,
			);
			path = RefTrack;
			sourceTree = "<group>";
		};
		07A0766E2D8C613900A8FA05 /* RefTrackTests */ = {
			isa = PBXFileSystemSynchronizedRootGroup;
			path = RefTrackTests;
			sourceTree = "<group>";
		};
		07A076782D8C613900A8FA05 /* RefTrackUITests */ = {
			isa = PBXFileSystemSynchronizedRootGroup;
			path = RefTrackUITests;
			sourceTree = "<group>";
		};
		07A076E02D8C69D300A8FA05 /* WatchRefTrack Watch App */ = {
			isa = PBXFileSystemSynchronizedRootGroup;
			path = "WatchRefTrack Watch App";
			sourceTree = "<group>";
		};
		07A076F12D8C69D400A8FA05 /* WatchRefTrack Watch AppTests */ = {
			isa = PBXFileSystemSynchronizedRootGroup;
			path = "WatchRefTrack Watch AppTests";
			sourceTree = "<group>";
		};
		07A076FB2D8C69D400A8FA05 /* WatchRefTrack Watch AppUITests */ = {
			isa = PBXFileSystemSynchronizedRootGroup;
			path = "WatchRefTrack Watch AppUITests";
			sourceTree = "<group>";
		};
/* End PBXFileSystemSynchronizedRootGroup section */

/* Begin PBXFrameworksBuildPhase section */
		07A076582D8C613900A8FA05 /* Frameworks */ = {
			isa = PBXFrameworksBuildPhase;
			buildActionMask = 2147483647;
			files = (
			);
			runOnlyForDeploymentPostprocessing = 0;
		};
		07A076682D8C613900A8FA05 /* Frameworks */ = {
			isa = PBXFrameworksBuildPhase;
			buildActionMask = 2147483647;
			files = (
			);
			runOnlyForDeploymentPostprocessing = 0;
		};
		07A076722D8C613900A8FA05 /* Frameworks */ = {
			isa = PBXFrameworksBuildPhase;
			buildActionMask = 2147483647;
			files = (
			);
			runOnlyForDeploymentPostprocessing = 0;
		};
		07A076DC2D8C69D300A8FA05 /* Frameworks */ = {
			isa = PBXFrameworksBuildPhase;
			buildActionMask = 2147483647;
			files = (
			);
			runOnlyForDeploymentPostprocessing = 0;
		};
		07A076EB2D8C69D400A8FA05 /* Frameworks */ = {
			isa = PBXFrameworksBuildPhase;
			buildActionMask = 2147483647;
			files = (
			);
			runOnlyForDeploymentPostprocessing = 0;
		};
		07A076F52D8C69D400A8FA05 /* Frameworks */ = {
			isa = PBXFrameworksBuildPhase;
			buildActionMask = 2147483647;
			files = (
			);
			runOnlyForDeploymentPostprocessing = 0;
		};
/* End PBXFrameworksBuildPhase section */

/* Begin PBXGroup section */
		07A076522D8C613900A8FA05 = {
			isa = PBXGroup;
			children = (
				07A0765D2D8C613900A8FA05 /* RefTrack */,
				07A0766E2D8C613900A8FA05 /* RefTrackTests */,
				07A076782D8C613900A8FA05 /* RefTrackUITests */,
				07A076E02D8C69D300A8FA05 /* WatchRefTrack Watch App */,
				07A076F12D8C69D400A8FA05 /* WatchRefTrack Watch AppTests */,
				07A076FB2D8C69D400A8FA05 /* WatchRefTrack Watch AppUITests */,
				07A0765C2D8C613900A8FA05 /* Products */,
			);
			sourceTree = "<group>";
		};
		07A0765C2D8C613900A8FA05 /* Products */ = {
			isa = PBXGroup;
			children = (
				07A0765B2D8C613900A8FA05 /* RefTrack.app */,
				07A0766B2D8C613900A8FA05 /* RefTrackTests.xctest */,
				07A076752D8C613900A8FA05 /* RefTrackUITests.xctest */,
				07A076DF2D8C69D300A8FA05 /* WatchRefTrack Watch App.app */,
				07A076EE2D8C69D400A8FA05 /* WatchRefTrack Watch AppTests.xctest */,
				07A076F82D8C69D400A8FA05 /* WatchRefTrack Watch AppUITests.xctest */,
			);
			name = Products;
			sourceTree = "<group>";
		};
/* End PBXGroup section */

/* Begin PBXNativeTarget section */
		07A0765A2D8C613900A8FA05 /* RefTrack */ = {
			isa = PBXNativeTarget;
			buildConfigurationList = 07A0767F2D8C613900A8FA05 /* Build configuration list for PBXNativeTarget "RefTrack" */;
			buildPhases = (
				07A076572D8C613900A8FA05 /* Sources */,
				07A076582D8C613900A8FA05 /* Frameworks */,
				07A076592D8C613900A8FA05 /* Resources */,
				07A077062D8C69D400A8FA05 /* Embed Watch Content */,
			);
			buildRules = (
			);
			dependencies = (
				07A077012D8C69D400A8FA05 /* PBXTargetDependency */,
			);
			fileSystemSynchronizedGroups = (
				07A0765D2D8C613900A8FA05 /* RefTrack */,
			);
			name = RefTrack;
			packageProductDependencies = (
			);
			productName = RefTrack;
			productReference = 07A0765B2D8C613900A8FA05 /* RefTrack.app */;
			productType = "com.apple.product-type.application";
		};
		07A0766A2D8C613900A8FA05 /* RefTrackTests */ = {
			isa = PBXNativeTarget;
			buildConfigurationList = 07A076822D8C613900A8FA05 /* Build configuration list for PBXNativeTarget "RefTrackTests" */;
			buildPhases = (
				07A076672D8C613900A8FA05 /* Sources */,
				07A076682D8C613900A8FA05 /* Frameworks */,
				07A076692D8C613900A8FA05 /* Resources */,
			);
			buildRules = (
			);
			dependencies = (
				07A0766D2D8C613900A8FA05 /* PBXTargetDependency */,
			);
			fileSystemSynchronizedGroups = (
				07A0766E2D8C613900A8FA05 /* RefTrackTests */,
			);
			name = RefTrackTests;
			packageProductDependencies = (
			);
			productName = RefTrackTests;
			productReference = 07A0766B2D8C613900A8FA05 /* RefTrackTests.xctest */;
			productType = "com.apple.product-type.bundle.unit-test";
		};
		07A076742D8C613900A8FA05 /* RefTrackUITests */ = {
			isa = PBXNativeTarget;
			buildConfigurationList = 07A076852D8C613900A8FA05 /* Build configuration list for PBXNativeTarget "RefTrackUITests" */;
			buildPhases = (
				07A076712D8C613900A8FA05 /* Sources */,
				07A076722D8C613900A8FA05 /* Frameworks */,
				07A076732D8C613900A8FA05 /* Resources */,
			);
			buildRules = (
			);
			dependencies = (
				07A076772D8C613900A8FA05 /* PBXTargetDependency */,
			);
			fileSystemSynchronizedGroups = (
				07A076782D8C613900A8FA05 /* RefTrackUITests */,
			);
			name = RefTrackUITests;
			packageProductDependencies = (
			);
			productName = RefTrackUITests;
			productReference = 07A076752D8C613900A8FA05 /* RefTrackUITests.xctest */;
			productType = "com.apple.product-type.bundle.ui-testing";
		};
		07A076DE2D8C69D300A8FA05 /* WatchRefTrack Watch App */ = {
			isa = PBXNativeTarget;
			buildConfigurationList = 07A077032D8C69D400A8FA05 /* Build configuration list for PBXNativeTarget "WatchRefTrack Watch App" */;
			buildPhases = (
				07A076DB2D8C69D300A8FA05 /* Sources */,
				07A076DC2D8C69D300A8FA05 /* Frameworks */,
				07A076DD2D8C69D300A8FA05 /* Resources */,
			);
			buildRules = (
			);
			dependencies = (
			);
			fileSystemSynchronizedGroups = (
				07A076E02D8C69D300A8FA05 /* WatchRefTrack Watch App */,
			);
			name = "WatchRefTrack Watch App";
			packageProductDependencies = (
			);
			productName = "WatchRefTrack Watch App";
			productReference = 07A076DF2D8C69D300A8FA05 /* WatchRefTrack Watch App.app */;
			productType = "com.apple.product-type.application";
		};
		07A076ED2D8C69D400A8FA05 /* WatchRefTrack Watch AppTests */ = {
			isa = PBXNativeTarget;
			buildConfigurationList = 07A077072D8C69D400A8FA05 /* Build configuration list for PBXNativeTarget "WatchRefTrack Watch AppTests" */;
			buildPhases = (
				07A076EA2D8C69D400A8FA05 /* Sources */,
				07A076EB2D8C69D400A8FA05 /* Frameworks */,
				07A076EC2D8C69D400A8FA05 /* Resources */,
			);
			buildRules = (
			);
			dependencies = (
				07A076F02D8C69D400A8FA05 /* PBXTargetDependency */,
			);
			fileSystemSynchronizedGroups = (
				07A076F12D8C69D400A8FA05 /* WatchRefTrack Watch AppTests */,
			);
			name = "WatchRefTrack Watch AppTests";
			packageProductDependencies = (
			);
			productName = "WatchRefTrack Watch AppTests";
			productReference = 07A076EE2D8C69D400A8FA05 /* WatchRefTrack Watch AppTests.xctest */;
			productType = "com.apple.product-type.bundle.unit-test";
		};
		07A076F72D8C69D400A8FA05 /* WatchRefTrack Watch AppUITests */ = {
			isa = PBXNativeTarget;
			buildConfigurationList = 07A0770A2D8C69D400A8FA05 /* Build configuration list for PBXNativeTarget "WatchRefTrack Watch AppUITests" */;
			buildPhases = (
				07A076F42D8C69D400A8FA05 /* Sources */,
				07A076F52D8C69D400A8FA05 /* Frameworks */,
				07A076F62D8C69D400A8FA05 /* Resources */,
			);
			buildRules = (
			);
			dependencies = (
				07A076FA2D8C69D400A8FA05 /* PBXTargetDependency */,
			);
			fileSystemSynchronizedGroups = (
				07A076FB2D8C69D400A8FA05 /* WatchRefTrack Watch AppUITests */,
			);
			name = "WatchRefTrack Watch AppUITests";
			packageProductDependencies = (
			);
			productName = "WatchRefTrack Watch AppUITests";
			productReference = 07A076F82D8C69D400A8FA05 /* WatchRefTrack Watch AppUITests.xctest */;
			productType = "com.apple.product-type.bundle.ui-testing";
		};
/* End PBXNativeTarget section */

/* Begin PBXProject section */
		07A076532D8C613900A8FA05 /* Project object */ = {
			isa = PBXProject;
			attributes = {
				BuildIndependentTargetsInParallel = 1;
				LastSwiftUpdateCheck = 1620;
				LastUpgradeCheck = 1620;
				TargetAttributes = {
					07A0765A2D8C613900A8FA05 = {
						CreatedOnToolsVersion = 16.2;
					};
					07A0766A2D8C613900A8FA05 = {
						CreatedOnToolsVersion = 16.2;
						TestTargetID = 07A0765A2D8C613900A8FA05;
					};
					07A076742D8C613900A8FA05 = {
						CreatedOnToolsVersion = 16.2;
						TestTargetID = 07A0765A2D8C613900A8FA05;
					};
					07A076DE2D8C69D300A8FA05 = {
						CreatedOnToolsVersion = 16.2;
					};
					07A076ED2D8C69D400A8FA05 = {
						CreatedOnToolsVersion = 16.2;
						TestTargetID = 07A076DE2D8C69D300A8FA05;
					};
					07A076F72D8C69D400A8FA05 = {
						CreatedOnToolsVersion = 16.2;
						TestTargetID = 07A076DE2D8C69D300A8FA05;
					};
				};
			};
			buildConfigurationList = 07A076562D8C613900A8FA05 /* Build configuration list for PBXProject "RefTrack" */;
			developmentRegion = cs;
			hasScannedForEncodings = 0;
			knownRegions = (
				en,
				Base,
				cs,
			);
			mainGroup = 07A076522D8C613900A8FA05;
			minimizedProjectReferenceProxies = 1;
			preferredProjectObjectVersion = 77;
			productRefGroup = 07A0765C2D8C613900A8FA05 /* Products */;
			projectDirPath = "";
			projectRoot = "";
			targets = (
				07A0765A2D8C613900A8FA05 /* RefTrack */,
				07A0766A2D8C613900A8FA05 /* RefTrackTests */,
				07A076742D8C613900A8FA05 /* RefTrackUITests */,
				07A076DE2D8C69D300A8FA05 /* WatchRefTrack Watch App */,
				07A076ED2D8C69D400A8FA05 /* WatchRefTrack Watch AppTests */,
				07A076F72D8C69D400A8FA05 /* WatchRefTrack Watch AppUITests */,
			);
		};
/* End PBXProject section */

/* Begin PBXResourcesBuildPhase section */
		07A076592D8C613900A8FA05 /* Resources */ = {
			isa = PBXResourcesBuildPhase;
			buildActionMask = 2147483647;
			files = (
			);
			runOnlyForDeploymentPostprocessing = 0;
		};
		07A076692D8C613900A8FA05 /* Resources */ = {
			isa = PBXResourcesBuildPhase;
			buildActionMask = 2147483647;
			files = (
			);
			runOnlyForDeploymentPostprocessing = 0;
		};
		07A076732D8C613900A8FA05 /* Resources */ = {
			isa = PBXResourcesBuildPhase;
			buildActionMask = 2147483647;
			files = (
			);
			runOnlyForDeploymentPostprocessing = 0;
		};
		07A076DD2D8C69D300A8FA05 /* Resources */ = {
			isa = PBXResourcesBuildPhase;
			buildActionMask = 2147483647;
			files = (
			);
			runOnlyForDeploymentPostprocessing = 0;
		};
		07A076EC2D8C69D400A8FA05 /* Resources */ = {
			isa = PBXResourcesBuildPhase;
			buildActionMask = 2147483647;
			files = (
			);
			runOnlyForDeploymentPostprocessing = 0;
		};
		07A076F62D8C69D400A8FA05 /* Resources */ = {
			isa = PBXResourcesBuildPhase;
			buildActionMask = 2147483647;
			files = (
			);
			runOnlyForDeploymentPostprocessing = 0;
		};
/* End PBXResourcesBuildPhase section */

/* Begin PBXSourcesBuildPhase section */
		07A076572D8C613900A8FA05 /* Sources */ = {
			isa = PBXSourcesBuildPhase;
			buildActionMask = 2147483647;
			files = (
			);
			runOnlyForDeploymentPostprocessing = 0;
		};
		07A076672D8C613900A8FA05 /* Sources */ = {
			isa = PBXSourcesBuildPhase;
			buildActionMask = 2147483647;
			files = (
			);
			runOnlyForDeploymentPostprocessing = 0;
		};
		07A076712D8C613900A8FA05 /* Sources */ = {
			isa = PBXSourcesBuildPhase;
			buildActionMask = 2147483647;
			files = (
			);
			runOnlyForDeploymentPostprocessing = 0;
		};
		07A076DB2D8C69D300A8FA05 /* Sources */ = {
			isa = PBXSourcesBuildPhase;
			buildActionMask = 2147483647;
			files = (
			);
			runOnlyForDeploymentPostprocessing = 0;
		};
		07A076EA2D8C69D400A8FA05 /* Sources */ = {
			isa = PBXSourcesBuildPhase;
			buildActionMask = 2147483647;
			files = (
			);
			runOnlyForDeploymentPostprocessing = 0;
		};
		07A076F42D8C69D400A8FA05 /* Sources */ = {
			isa = PBXSourcesBuildPhase;
			buildActionMask = 2147483647;
			files = (
			);
			runOnlyForDeploymentPostprocessing = 0;
		};
/* End PBXSourcesBuildPhase section */

/* Begin PBXTargetDependency section */
		07A0766D2D8C613900A8FA05 /* PBXTargetDependency */ = {
			isa = PBXTargetDependency;
			target = 07A0765A2D8C613900A8FA05 /* RefTrack */;
			targetProxy = 07A0766C2D8C613900A8FA05 /* PBXContainerItemProxy */;
		};
		07A076772D8C613900A8FA05 /* PBXTargetDependency */ = {
			isa = PBXTargetDependency;
			target = 07A0765A2D8C613900A8FA05 /* RefTrack */;
			targetProxy = 07A076762D8C613900A8FA05 /* PBXContainerItemProxy */;
		};
		07A076F02D8C69D400A8FA05 /* PBXTargetDependency */ = {
			isa = PBXTargetDependency;
			target = 07A076DE2D8C69D300A8FA05 /* WatchRefTrack Watch App */;
			targetProxy = 07A076EF2D8C69D400A8FA05 /* PBXContainerItemProxy */;
		};
		07A076FA2D8C69D400A8FA05 /* PBXTargetDependency */ = {
			isa = PBXTargetDependency;
			target = 07A076DE2D8C69D300A8FA05 /* WatchRefTrack Watch App */;
			targetProxy = 07A076F92D8C69D400A8FA05 /* PBXContainerItemProxy */;
		};
		07A077012D8C69D400A8FA05 /* PBXTargetDependency */ = {
			isa = PBXTargetDependency;
			target = 07A076DE2D8C69D300A8FA05 /* WatchRefTrack Watch App */;
			targetProxy = 07A077002D8C69D400A8FA05 /* PBXContainerItemProxy */;
		};
/* End PBXTargetDependency section */

/* Begin XCBuildConfiguration section */
		07A0767D2D8C613900A8FA05 /* Debug */ = {
			isa = XCBuildConfiguration;
			buildSettings = {
				ALWAYS_SEARCH_USER_PATHS = NO;
				ASSETCATALOG_COMPILER_GENERATE_SWIFT_ASSET_SYMBOL_EXTENSIONS = YES;
				CLANG_ANALYZER_NONNULL = YES;
				CLANG_ANALYZER_NUMBER_OBJECT_CONVERSION = YES_AGGRESSIVE;
				CLANG_CXX_LANGUAGE_STANDARD = "gnu++20";
				CLANG_ENABLE_MODULES = YES;
				CLANG_ENABLE_OBJC_ARC = YES;
				CLANG_ENABLE_OBJC_WEAK = YES;
				CLANG_WARN_BLOCK_CAPTURE_AUTORELEASING = YES;
				CLANG_WARN_BOOL_CONVERSION = YES;
				CLANG_WARN_COMMA = YES;
				CLANG_WARN_CONSTANT_CONVERSION = YES;
				CLANG_WARN_DEPRECATED_OBJC_IMPLEMENTATIONS = YES;
				CLANG_WARN_DIRECT_OBJC_ISA_USAGE = YES_ERROR;
				CLANG_WARN_DOCUMENTATION_COMMENTS = YES;
				CLANG_WARN_EMPTY_BODY = YES;
				CLANG_WARN_ENUM_CONVERSION = YES;
				CLANG_WARN_INFINITE_RECURSION = YES;
				CLANG_WARN_INT_CONVERSION = YES;
				CLANG_WARN_NON_LITERAL_NULL_CONVERSION = YES;
				CLANG_WARN_OBJC_IMPLICIT_RETAIN_SELF = YES;
				CLANG_WARN_OBJC_LITERAL_CONVERSION = YES;
				CLANG_WARN_OBJC_ROOT_CLASS = YES_ERROR;
				CLANG_WARN_QUOTED_INCLUDE_IN_FRAMEWORK_HEADER = YES;
				CLANG_WARN_RANGE_LOOP_ANALYSIS = YES;
				CLANG_WARN_STRICT_PROTOTYPES = YES;
				CLANG_WARN_SUSPICIOUS_MOVE = YES;
				CLANG_WARN_UNGUARDED_AVAILABILITY = YES_AGGRESSIVE;
				CLANG_WARN_UNREACHABLE_CODE = YES;
				CLANG_WARN__DUPLICATE_METHOD_MATCH = YES;
				COPY_PHASE_STRIP = NO;
				DEBUG_INFORMATION_FORMAT = dwarf;
				ENABLE_STRICT_OBJC_MSGSEND = YES;
				ENABLE_TESTABILITY = YES;
				ENABLE_USER_SCRIPT_SANDBOXING = YES;
				GCC_C_LANGUAGE_STANDARD = gnu17;
				GCC_DYNAMIC_NO_PIC = NO;
				GCC_NO_COMMON_BLOCKS = YES;
				GCC_OPTIMIZATION_LEVEL = 0;
				GCC_PREPROCESSOR_DEFINITIONS = (
					"DEBUG=1",
					"$(inherited)",
				);
				GCC_WARN_64_TO_32_BIT_CONVERSION = YES;
				GCC_WARN_ABOUT_RETURN_TYPE = YES_ERROR;
				GCC_WARN_UNDECLARED_SELECTOR = YES;
				GCC_WARN_UNINITIALIZED_AUTOS = YES_AGGRESSIVE;
				GCC_WARN_UNUSED_FUNCTION = YES;
				GCC_WARN_UNUSED_VARIABLE = YES;
				IPHONEOS_DEPLOYMENT_TARGET = 18.2;
				LOCALIZATION_PREFERS_STRING_CATALOGS = YES;
				MTL_ENABLE_DEBUG_INFO = INCLUDE_SOURCE;
				MTL_FAST_MATH = YES;
				ONLY_ACTIVE_ARCH = YES;
				SDKROOT = iphoneos;
				SWIFT_ACTIVE_COMPILATION_CONDITIONS = "DEBUG $(inherited)";
				SWIFT_OPTIMIZATION_LEVEL = "-Onone";
			};
			name = Debug;
		};
		07A0767E2D8C613900A8FA05 /* Release */ = {
			isa = XCBuildConfiguration;
			buildSettings = {
				ALWAYS_SEARCH_USER_PATHS = NO;
				ASSETCATALOG_COMPILER_GENERATE_SWIFT_ASSET_SYMBOL_EXTENSIONS = YES;
				CLANG_ANALYZER_NONNULL = YES;
				CLANG_ANALYZER_NUMBER_OBJECT_CONVERSION = YES_AGGRESSIVE;
				CLANG_CXX_LANGUAGE_STANDARD = "gnu++20";
				CLANG_ENABLE_MODULES = YES;
				CLANG_ENABLE_OBJC_ARC = YES;
				CLANG_ENABLE_OBJC_WEAK = YES;
				CLANG_WARN_BLOCK_CAPTURE_AUTORELEASING = YES;
				CLANG_WARN_BOOL_CONVERSION = YES;
				CLANG_WARN_COMMA = YES;
				CLANG_WARN_CONSTANT_CONVERSION = YES;
				CLANG_WARN_DEPRECATED_OBJC_IMPLEMENTATIONS = YES;
				CLANG_WARN_DIRECT_OBJC_ISA_USAGE = YES_ERROR;
				CLANG_WARN_DOCUMENTATION_COMMENTS = YES;
				CLANG_WARN_EMPTY_BODY = YES;
				CLANG_WARN_ENUM_CONVERSION = YES;
				CLANG_WARN_INFINITE_RECURSION = YES;
				CLANG_WARN_INT_CONVERSION = YES;
				CLANG_WARN_NON_LITERAL_NULL_CONVERSION = YES;
				CLANG_WARN_OBJC_IMPLICIT_RETAIN_SELF = YES;
				CLANG_WARN_OBJC_LITERAL_CONVERSION = YES;
				CLANG_WARN_OBJC_ROOT_CLASS = YES_ERROR;
				CLANG_WARN_QUOTED_INCLUDE_IN_FRAMEWORK_HEADER = YES;
				CLANG_WARN_RANGE_LOOP_ANALYSIS = YES;
				CLANG_WARN_STRICT_PROTOTYPES = YES;
				CLANG_WARN_SUSPICIOUS_MOVE = YES;
				CLANG_WARN_UNGUARDED_AVAILABILITY = YES_AGGRESSIVE;
				CLANG_WARN_UNREACHABLE_CODE = YES;
				CLANG_WARN__DUPLICATE_METHOD_MATCH = YES;
				COPY_PHASE_STRIP = NO;
				DEBUG_INFORMATION_FORMAT = "dwarf-with-dsym";
				ENABLE_NS_ASSERTIONS = NO;
				ENABLE_STRICT_OBJC_MSGSEND = YES;
				ENABLE_USER_SCRIPT_SANDBOXING = YES;
				GCC_C_LANGUAGE_STANDARD = gnu17;
				GCC_NO_COMMON_BLOCKS = YES;
				GCC_WARN_64_TO_32_BIT_CONVERSION = YES;
				GCC_WARN_ABOUT_RETURN_TYPE = YES_ERROR;
				GCC_WARN_UNDECLARED_SELECTOR = YES;
				GCC_WARN_UNINITIALIZED_AUTOS = YES_AGGRESSIVE;
				GCC_WARN_UNUSED_FUNCTION = YES;
				GCC_WARN_UNUSED_VARIABLE = YES;
				IPHONEOS_DEPLOYMENT_TARGET = 18.2;
				LOCALIZATION_PREFERS_STRING_CATALOGS = YES;
				MTL_ENABLE_DEBUG_INFO = NO;
				MTL_FAST_MATH = YES;
				SDKROOT = iphoneos;
				SWIFT_COMPILATION_MODE = wholemodule;
				VALIDATE_PRODUCT = YES;
			};
			name = Release;
		};
		07A076802D8C613900A8FA05 /* Debug */ = {
			isa = XCBuildConfiguration;
			buildSettings = {
				ASSETCATALOG_COMPILER_APPICON_NAME = AppIcon;
				ASSETCATALOG_COMPILER_GLOBAL_ACCENT_COLOR_NAME = AccentColor;
				CODE_SIGN_ENTITLEMENTS = RefTrack/RefTrack.entitlements;
				CODE_SIGN_IDENTITY = "Apple Development";
				CODE_SIGN_STYLE = Automatic;
				CURRENT_PROJECT_VERSION = 5;
				DEVELOPMENT_ASSET_PATHS = "\"RefTrack/Preview Content\"";
				DEVELOPMENT_TEAM = W6R3HZD7R4;
				ENABLE_PREVIEWS = YES;
				GENERATE_INFOPLIST_FILE = YES;
				INFOPLIST_FILE = RefTrack/Info.plist;
				INFOPLIST_KEY_CFBundleDisplayName = RefTrack;
				INFOPLIST_KEY_LSApplicationCategoryType = "public.app-category.sports";
				INFOPLIST_KEY_UIApplicationSceneManifest_Generation = YES;
				INFOPLIST_KEY_UIApplicationSupportsIndirectInputEvents = YES;
				INFOPLIST_KEY_UILaunchScreen_Generation = YES;
				INFOPLIST_KEY_UISupportedInterfaceOrientations_iPad = "UIInterfaceOrientationPortrait UIInterfaceOrientationPortraitUpsideDown UIInterfaceOrientationLandscapeLeft UIInterfaceOrientationLandscapeRight";
				INFOPLIST_KEY_UISupportedInterfaceOrientations_iPhone = "UIInterfaceOrientationPortrait UIInterfaceOrientationLandscapeLeft UIInterfaceOrientationLandscapeRight";
				LD_RUNPATH_SEARCH_PATHS = (
					"$(inherited)",
					"@executable_path/Frameworks",
				);
				MARKETING_VERSION = 1.0.3;
				PRODUCT_BUNDLE_IDENTIFIER = com.hajecek.RefTrackApp;
				PRODUCT_NAME = "$(TARGET_NAME)";
				PROVISIONING_PROFILE_SPECIFIER = "";
				SWIFT_EMIT_LOC_STRINGS = YES;
				SWIFT_VERSION = 5.0;
				TARGETED_DEVICE_FAMILY = "1,2";
			};
			name = Debug;
		};
		07A076812D8C613900A8FA05 /* Release */ = {
			isa = XCBuildConfiguration;
			buildSettings = {
				ASSETCATALOG_COMPILER_APPICON_NAME = AppIcon;
				ASSETCATALOG_COMPILER_GLOBAL_ACCENT_COLOR_NAME = AccentColor;
				CODE_SIGN_ENTITLEMENTS = RefTrack/RefTrack.entitlements;
				CODE_SIGN_IDENTITY = "Apple Development";
				CODE_SIGN_STYLE = Automatic;
				CURRENT_PROJECT_VERSION = 5;
				DEVELOPMENT_ASSET_PATHS = "\"RefTrack/Preview Content\"";
				DEVELOPMENT_TEAM = W6R3HZD7R4;
				ENABLE_PREVIEWS = YES;
				GENERATE_INFOPLIST_FILE = YES;
				INFOPLIST_FILE = RefTrack/Info.plist;
				INFOPLIST_KEY_CFBundleDisplayName = RefTrack;
				INFOPLIST_KEY_LSApplicationCategoryType = "public.app-category.sports";
				INFOPLIST_KEY_UIApplicationSceneManifest_Generation = YES;
				INFOPLIST_KEY_UIApplicationSupportsIndirectInputEvents = YES;
				INFOPLIST_KEY_UILaunchScreen_Generation = YES;
				INFOPLIST_KEY_UISupportedInterfaceOrientations_iPad = "UIInterfaceOrientationPortrait UIInterfaceOrientationPortraitUpsideDown UIInterfaceOrientationLandscapeLeft UIInterfaceOrientationLandscapeRight";
				INFOPLIST_KEY_UISupportedInterfaceOrientations_iPhone = "UIInterfaceOrientationPortrait UIInterfaceOrientationLandscapeLeft UIInterfaceOrientationLandscapeRight";
				LD_RUNPATH_SEARCH_PATHS = (
					"$(inherited)",
					"@executable_path/Frameworks",
				);
				MARKETING_VERSION = 1.0.3;
				PRODUCT_BUNDLE_IDENTIFIER = com.hajecek.RefTrackApp;
				PRODUCT_NAME = "$(TARGET_NAME)";
				PROVISIONING_PROFILE_SPECIFIER = "";
				SWIFT_EMIT_LOC_STRINGS = YES;
				SWIFT_VERSION = 5.0;
				TARGETED_DEVICE_FAMILY = "1,2";
			};
			name = Release;
		};
		07A076832D8C613900A8FA05 /* Debug */ = {
			isa = XCBuildConfiguration;
			buildSettings = {
				BUNDLE_LOADER = "$(TEST_HOST)";
				CODE_SIGN_STYLE = Automatic;
				CURRENT_PROJECT_VERSION = 1;
				DEVELOPMENT_TEAM = W6R3HZD7R4;
				GENERATE_INFOPLIST_FILE = YES;
				IPHONEOS_DEPLOYMENT_TARGET = 18.2;
				MARKETING_VERSION = 1.0;
				PRODUCT_BUNDLE_IDENTIFIER = com.hajecek.RefTrackAppTests;
				PRODUCT_NAME = "$(TARGET_NAME)";
				SWIFT_EMIT_LOC_STRINGS = NO;
				SWIFT_VERSION = 5.0;
				TARGETED_DEVICE_FAMILY = "1,2";
				TEST_HOST = "$(BUILT_PRODUCTS_DIR)/RefTrack.app/$(BUNDLE_EXECUTABLE_FOLDER_PATH)/RefTrack";
			};
			name = Debug;
		};
		07A076842D8C613900A8FA05 /* Release */ = {
			isa = XCBuildConfiguration;
			buildSettings = {
				BUNDLE_LOADER = "$(TEST_HOST)";
				CODE_SIGN_STYLE = Automatic;
				CURRENT_PROJECT_VERSION = 1;
				DEVELOPMENT_TEAM = W6R3HZD7R4;
				GENERATE_INFOPLIST_FILE = YES;
				IPHONEOS_DEPLOYMENT_TARGET = 18.2;
				MARKETING_VERSION = 1.0;
				PRODUCT_BUNDLE_IDENTIFIER = com.hajecek.RefTrackAppTests;
				PRODUCT_NAME = "$(TARGET_NAME)";
				SWIFT_EMIT_LOC_STRINGS = NO;
				SWIFT_VERSION = 5.0;
				TARGETED_DEVICE_FAMILY = "1,2";
				TEST_HOST = "$(BUILT_PRODUCTS_DIR)/RefTrack.app/$(BUNDLE_EXECUTABLE_FOLDER_PATH)/RefTrack";
			};
			name = Release;
		};
		07A076862D8C613900A8FA05 /* Debug */ = {
			isa = XCBuildConfiguration;
			buildSettings = {
				CODE_SIGN_STYLE = Automatic;
				CURRENT_PROJECT_VERSION = 1;
				DEVELOPMENT_TEAM = W6R3HZD7R4;
				GENERATE_INFOPLIST_FILE = YES;
				MARKETING_VERSION = 1.0;
				PRODUCT_BUNDLE_IDENTIFIER = "com.hajecek.RefTrackApp-UITests";
				PRODUCT_NAME = "$(TARGET_NAME)";
				SWIFT_EMIT_LOC_STRINGS = NO;
				SWIFT_VERSION = 5.0;
				TARGETED_DEVICE_FAMILY = "1,2";
				TEST_TARGET_NAME = RefTrack;
			};
			name = Debug;
		};
		07A076872D8C613900A8FA05 /* Release */ = {
			isa = XCBuildConfiguration;
			buildSettings = {
				CODE_SIGN_STYLE = Automatic;
				CURRENT_PROJECT_VERSION = 1;
				DEVELOPMENT_TEAM = W6R3HZD7R4;
				GENERATE_INFOPLIST_FILE = YES;
				MARKETING_VERSION = 1.0;
				PRODUCT_BUNDLE_IDENTIFIER = "com.hajecek.RefTrackApp-UITests";
				PRODUCT_NAME = "$(TARGET_NAME)";
				SWIFT_EMIT_LOC_STRINGS = NO;
				SWIFT_VERSION = 5.0;
				TARGETED_DEVICE_FAMILY = "1,2";
				TEST_TARGET_NAME = RefTrack;
			};
			name = Release;
		};
		07A077042D8C69D400A8FA05 /* Debug */ = {
			isa = XCBuildConfiguration;
			buildSettings = {
				ASSETCATALOG_COMPILER_APPICON_NAME = AppIcon;
				ASSETCATALOG_COMPILER_GLOBAL_ACCENT_COLOR_NAME = AccentColor;
				CODE_SIGN_ENTITLEMENTS = "WatchRefTrack Watch App/WatchRefTrack Watch App.entitlements";
				CODE_SIGN_STYLE = Automatic;
				CURRENT_PROJECT_VERSION = 1;
				DEVELOPMENT_ASSET_PATHS = "\"WatchRefTrack Watch App/Preview Content\"";
				DEVELOPMENT_TEAM = W6R3HZD7R4;
				ENABLE_PREVIEWS = YES;
				GENERATE_INFOPLIST_FILE = YES;
				INFOPLIST_FILE = "WatchRefTrack Watch App/WatchRefTrack-Watch-App-Info.plist";
				INFOPLIST_KEY_CFBundleDisplayName = WatchRefTrack;
				INFOPLIST_KEY_UISupportedInterfaceOrientations = "UIInterfaceOrientationPortrait UIInterfaceOrientationPortraitUpsideDown";
				INFOPLIST_KEY_WKCompanionAppBundleIdentifier = com.hajecek.RefTrackApp;
				LD_RUNPATH_SEARCH_PATHS = (
					"$(inherited)",
					"@executable_path/Frameworks",
				);
				MARKETING_VERSION = 1.0;
				PRODUCT_BUNDLE_IDENTIFIER = com.hajecek.RefTrackApp.watchkitapp;
				PRODUCT_NAME = "$(TARGET_NAME)";
				SDKROOT = watchos;
				SKIP_INSTALL = YES;
				SWIFT_EMIT_LOC_STRINGS = YES;
				SWIFT_VERSION = 5.0;
				TARGETED_DEVICE_FAMILY = 4;
				WATCHOS_DEPLOYMENT_TARGET = 11.2;
			};
			name = Debug;
		};
		07A077052D8C69D400A8FA05 /* Release */ = {
			isa = XCBuildConfiguration;
			buildSettings = {
				ASSETCATALOG_COMPILER_APPICON_NAME = AppIcon;
				ASSETCATALOG_COMPILER_GLOBAL_ACCENT_COLOR_NAME = AccentColor;
				CODE_SIGN_ENTITLEMENTS = "WatchRefTrack Watch App/WatchRefTrack Watch App.entitlements";
				CODE_SIGN_STYLE = Automatic;
				CURRENT_PROJECT_VERSION = 1;
				DEVELOPMENT_ASSET_PATHS = "\"WatchRefTrack Watch App/Preview Content\"";
				DEVELOPMENT_TEAM = W6R3HZD7R4;
				ENABLE_PREVIEWS = YES;
				GENERATE_INFOPLIST_FILE = YES;
				INFOPLIST_FILE = "WatchRefTrack Watch App/WatchRefTrack-Watch-App-Info.plist";
				INFOPLIST_KEY_CFBundleDisplayName = WatchRefTrack;
				INFOPLIST_KEY_UISupportedInterfaceOrientations = "UIInterfaceOrientationPortrait UIInterfaceOrientationPortraitUpsideDown";
				INFOPLIST_KEY_WKCompanionAppBundleIdentifier = com.hajecek.RefTrackApp;
				LD_RUNPATH_SEARCH_PATHS = (
					"$(inherited)",
					"@executable_path/Frameworks",
				);
				MARKETING_VERSION = 1.0;
				PRODUCT_BUNDLE_IDENTIFIER = com.hajecek.RefTrackApp.watchkitapp;
				PRODUCT_NAME = "$(TARGET_NAME)";
				SDKROOT = watchos;
				SKIP_INSTALL = YES;
				SWIFT_EMIT_LOC_STRINGS = YES;
				SWIFT_VERSION = 5.0;
				TARGETED_DEVICE_FAMILY = 4;
				WATCHOS_DEPLOYMENT_TARGET = 11.2;
			};
			name = Release;
		};
		07A077082D8C69D400A8FA05 /* Debug */ = {
			isa = XCBuildConfiguration;
			buildSettings = {
				BUNDLE_LOADER = "$(TEST_HOST)";
				CODE_SIGN_STYLE = Automatic;
				CURRENT_PROJECT_VERSION = 1;
				DEVELOPMENT_TEAM = W6R3HZD7R4;
				GENERATE_INFOPLIST_FILE = YES;
				MARKETING_VERSION = 1.0;
				PRODUCT_BUNDLE_IDENTIFIER = "com.hajecek.WatchRefTrackApp-Watch-AppTests";
				PRODUCT_NAME = "$(TARGET_NAME)";
				SDKROOT = watchos;
				SWIFT_EMIT_LOC_STRINGS = NO;
				SWIFT_VERSION = 5.0;
				TARGETED_DEVICE_FAMILY = 4;
				TEST_HOST = "$(BUILT_PRODUCTS_DIR)/WatchRefTrack Watch App.app/$(BUNDLE_EXECUTABLE_FOLDER_PATH)/WatchRefTrack Watch App";
				WATCHOS_DEPLOYMENT_TARGET = 11.2;
			};
			name = Debug;
		};
		07A077092D8C69D400A8FA05 /* Release */ = {
			isa = XCBuildConfiguration;
			buildSettings = {
				BUNDLE_LOADER = "$(TEST_HOST)";
				CODE_SIGN_STYLE = Automatic;
				CURRENT_PROJECT_VERSION = 1;
				DEVELOPMENT_TEAM = W6R3HZD7R4;
				GENERATE_INFOPLIST_FILE = YES;
				MARKETING_VERSION = 1.0;
				PRODUCT_BUNDLE_IDENTIFIER = "com.hajecek.WatchRefTrackApp-Watch-AppTests";
				PRODUCT_NAME = "$(TARGET_NAME)";
				SDKROOT = watchos;
				SWIFT_EMIT_LOC_STRINGS = NO;
				SWIFT_VERSION = 5.0;
				TARGETED_DEVICE_FAMILY = 4;
				TEST_HOST = "$(BUILT_PRODUCTS_DIR)/WatchRefTrack Watch App.app/$(BUNDLE_EXECUTABLE_FOLDER_PATH)/WatchRefTrack Watch App";
				WATCHOS_DEPLOYMENT_TARGET = 11.2;
			};
			name = Release;
		};
		07A0770B2D8C69D400A8FA05 /* Debug */ = {
			isa = XCBuildConfiguration;
			buildSettings = {
				CODE_SIGN_STYLE = Automatic;
				CURRENT_PROJECT_VERSION = 1;
				DEVELOPMENT_TEAM = W6R3HZD7R4;
				GENERATE_INFOPLIST_FILE = YES;
				MARKETING_VERSION = 1.0;
				PRODUCT_BUNDLE_IDENTIFIER = "com.hajecek.WatchRefTrackApp-Watch-AppUITests";
				PRODUCT_NAME = "$(TARGET_NAME)";
				SDKROOT = watchos;
				SWIFT_EMIT_LOC_STRINGS = NO;
				SWIFT_VERSION = 5.0;
				TARGETED_DEVICE_FAMILY = 4;
				TEST_TARGET_NAME = "WatchRefTrack Watch App";
				WATCHOS_DEPLOYMENT_TARGET = 11.2;
			};
			name = Debug;
		};
		07A0770C2D8C69D400A8FA05 /* Release */ = {
			isa = XCBuildConfiguration;
			buildSettings = {
				CODE_SIGN_STYLE = Automatic;
				CURRENT_PROJECT_VERSION = 1;
				DEVELOPMENT_TEAM = W6R3HZD7R4;
				GENERATE_INFOPLIST_FILE = YES;
				MARKETING_VERSION = 1.0;
				PRODUCT_BUNDLE_IDENTIFIER = "com.hajecek.WatchRefTrackApp-Watch-AppUITests";
				PRODUCT_NAME = "$(TARGET_NAME)";
				SDKROOT = watchos;
				SWIFT_EMIT_LOC_STRINGS = NO;
				SWIFT_VERSION = 5.0;
				TARGETED_DEVICE_FAMILY = 4;
				TEST_TARGET_NAME = "WatchRefTrack Watch App";
				WATCHOS_DEPLOYMENT_TARGET = 11.2;
			};
			name = Release;
		};
/* End XCBuildConfiguration section */

/* Begin XCConfigurationList section */
		07A076562D8C613900A8FA05 /* Build configuration list for PBXProject "RefTrack" */ = {
			isa = XCConfigurationList;
			buildConfigurations = (
				07A0767D2D8C613900A8FA05 /* Debug */,
				07A0767E2D8C613900A8FA05 /* Release */,
			);
			defaultConfigurationIsVisible = 0;
			defaultConfigurationName = Release;
		};
		07A0767F2D8C613900A8FA05 /* Build configuration list for PBXNativeTarget "RefTrack" */ = {
			isa = XCConfigurationList;
			buildConfigurations = (
				07A076802D8C613900A8FA05 /* Debug */,
				07A076812D8C613900A8FA05 /* Release */,
			);
			defaultConfigurationIsVisible = 0;
			defaultConfigurationName = Release;
		};
		07A076822D8C613900A8FA05 /* Build configuration list for PBXNativeTarget "RefTrackTests" */ = {
			isa = XCConfigurationList;
			buildConfigurations = (
				07A076832D8C613900A8FA05 /* Debug */,
				07A076842D8C613900A8FA05 /* Release */,
			);
			defaultConfigurationIsVisible = 0;
			defaultConfigurationName = Release;
		};
		07A076852D8C613900A8FA05 /* Build configuration list for PBXNativeTarget "RefTrackUITests" */ = {
			isa = XCConfigurationList;
			buildConfigurations = (
				07A076862D8C613900A8FA05 /* Debug */,
				07A076872D8C613900A8FA05 /* Release */,
			);
			defaultConfigurationIsVisible = 0;
			defaultConfigurationName = Release;
		};
		07A077032D8C69D400A8FA05 /* Build configuration list for PBXNativeTarget "WatchRefTrack Watch App" */ = {
			isa = XCConfigurationList;
			buildConfigurations = (
				07A077042D8C69D400A8FA05 /* Debug */,
				07A077052D8C69D400A8FA05 /* Release */,
			);
			defaultConfigurationIsVisible = 0;
			defaultConfigurationName = Release;
		};
		07A077072D8C69D400A8FA05 /* Build configuration list for PBXNativeTarget "WatchRefTrack Watch AppTests" */ = {
			isa = XCConfigurationList;
			buildConfigurations = (
				07A077082D8C69D400A8FA05 /* Debug */,
				07A077092D8C69D400A8FA05 /* Release */,
			);
			defaultConfigurationIsVisible = 0;
			defaultConfigurationName = Release;
		};
		07A0770A2D8C69D400A8FA05 /* Build configuration list for PBXNativeTarget "WatchRefTrack Watch AppUITests" */ = {
			isa = XCConfigurationList;
			buildConfigurations = (
				07A0770B2D8C69D400A8FA05 /* Debug */,
				07A0770C2D8C69D400A8FA05 /* Release */,
			);
			defaultConfigurationIsVisible = 0;
			defaultConfigurationName = Release;
		};
/* End XCConfigurationList section */
	};
	rootObject = 07A076532D8C613900A8FA05 /* Project object */;
}
